
Microsoft Visual Studio Solution File, Format Version 12.00
# Visual Studio Version 17
VisualStudioVersion = 17.7.34031.279
MinimumVisualStudioVersion = 10.0.40219.1
Project("{FAE04EC0-301F-11D3-BF4B-00C04F79EFBC}") = "UsuariosBackEnd02", "UsuariosBackEnd02.csproj", "{99DD24A6-31FE-4207-BD3C-EE40D30D4CB7}"
EndProject
Project("{FAE04EC0-301F-11D3-BF4B-00C04F79EFBC}") = "UsuariosClient02", "..\UsuariosClient02\UsuariosClient02.csproj", "{1A21B12B-59CF-4F30-BA00-C60BA75BA7A4}"
EndProject
Global
	GlobalSection(SolutionConfigurationPlatforms) = preSolution
		Debug|Any CPU = Debug|Any CPU
		Release|Any CPU = Release|Any CPU
	EndGlobalSection
	GlobalSection(ProjectConfigurationPlatforms) = postSolution
		{99DD24A6-31FE-4207-BD3C-EE40D30D4CB7}.Debug|Any CPU.ActiveCfg = Debug|Any CPU
		{99DD24A6-31FE-4207-BD3C-EE40D30D4CB7}.Debug|Any CPU.Build.0 = Debug|Any CPU
		{99DD24A6-31FE-4207-BD3C-EE40D30D4CB7}.Release|Any CPU.ActiveCfg = Release|Any CPU
		{99DD24A6-31FE-4207-BD3C-EE40D30D4CB7}.Release|Any CPU.Build.0 = Release|Any CPU
		{1A21B12B-59CF-4F30-BA00-C60BA75BA7A4}.Debug|Any CPU.ActiveCfg = Debug|Any CPU
		{1A21B12B-59CF-4F30-BA00-C60BA75BA7A4}.Debug|Any CPU.Build.0 = Debug|Any CPU
		{1A21B12B-59CF-4F30-BA00-C60BA75BA7A4}.Release|Any CPU.ActiveCfg = Release|Any CPU
		{1A21B12B-59CF-4F30-BA00-C60BA75BA7A4}.Release|Any CPU.Build.0 = Release|Any CPU
	EndGlobalSection
	GlobalSection(SolutionProperties) = preSolution
		HideSolutionNode = FALSE
	EndGlobalSection
	GlobalSection(ExtensibilityGlobals) = postSolution
		SolutionGuid = {424BA49E-7D75-41A7-82DC-5416B1D7996F}
	EndGlobalSection
EndGlobal
